// !$*UTF8*$!
{
	archiveVersion = 1;
	classes = {
	};
	objectVersion = 48;
	objects = {

/* Begin PBXBuildFile section */
		551472EC20648F6F00E52882 /* PlayerViewController.m in Sources */ = {isa = PBXBuildFile; fileRef = 551472EB20648F6F00E52882 /* PlayerViewController.m */; };
		551472F020649FE200E52882 /* PlayerView.m in Sources */ = {isa = PBXBuildFile; fileRef = 551472EF20649FE200E52882 /* PlayerView.m */; };
		551472F32064A4A800E52882 /* UIView+Layout.m in Sources */ = {isa = PBXBuildFile; fileRef = 551472F22064A4A800E52882 /* UIView+Layout.m */; };
		551472F62064A4F900E52882 /* PlayerTopView.m in Sources */ = {isa = PBXBuildFile; fileRef = 551472F52064A4F900E52882 /* PlayerTopView.m */; };
		551472F92064A80D00E52882 /* PlayerBottomView.m in Sources */ = {isa = PBXBuildFile; fileRef = 551472F82064A80D00E52882 /* PlayerBottomView.m */; };
		551472FC2064AFA100E52882 /* ProgressView.m in Sources */ = {isa = PBXBuildFile; fileRef = 551472FB2064AFA100E52882 /* ProgressView.m */; };
		551472FF2064DAA000E52882 /* Bridge.m in Sources */ = {isa = PBXBuildFile; fileRef = 551472FE2064DAA000E52882 /* Bridge.m */; };
		AED137692063D69300875F23 /* AppDelegate.m in Sources */ = {isa = PBXBuildFile; fileRef = AED137682063D69300875F23 /* AppDelegate.m */; };
		AED1376C2063D69300875F23 /* ViewController.m in Sources */ = {isa = PBXBuildFile; fileRef = AED1376B2063D69300875F23 /* ViewController.m */; };
		AED1376F2063D69300875F23 /* Main.storyboard in Resources */ = {isa = PBXBuildFile; fileRef = AED1376D2063D69300875F23 /* Main.storyboard */; };
		AED137712063D69300875F23 /* Assets.xcassets in Resources */ = {isa = PBXBuildFile; fileRef = AED137702063D69300875F23 /* Assets.xcassets */; };
		AED137742063D69300875F23 /* LaunchScreen.storyboard in Resources */ = {isa = PBXBuildFile; fileRef = AED137722063D69300875F23 /* LaunchScreen.storyboard */; };
		AED137772063D69300875F23 /* main.m in Sources */ = {isa = PBXBuildFile; fileRef = AED137762063D69300875F23 /* main.m */; };
		AED137812063DD3900875F23 /* 海贼王精彩剪辑.mp4 in Resources */ = {isa = PBXBuildFile; fileRef = AED137802063DD3900875F23 /* 海贼王精彩剪辑.mp4 */; };
/* End PBXBuildFile section */

/* Begin PBXFileReference section */
		551472EA20648F6F00E52882 /* PlayerViewController.h */ = {isa = PBXFileReference; lastKnownFileType = sourcecode.c.h; path = PlayerViewController.h; sourceTree = "<group>"; };
		551472EB20648F6F00E52882 /* PlayerViewController.m */ = {isa = PBXFileReference; lastKnownFileType = sourcecode.c.objc; path = PlayerViewController.m; sourceTree = "<group>"; };
		551472EE20649FE200E52882 /* PlayerView.h */ = {isa = PBXFileReference; lastKnownFileType = sourcecode.c.h; path = PlayerView.h; sourceTree = "<group>"; };
		551472EF20649FE200E52882 /* PlayerView.m */ = {isa = PBXFileReference; lastKnownFileType = sourcecode.c.objc; path = PlayerView.m; sourceTree = "<group>"; };
		551472F12064A4A800E52882 /* UIView+Layout.h */ = {isa = PBXFileReference; fileEncoding = 4; lastKnownFileType = sourcecode.c.h; path = "UIView+Layout.h"; sourceTree = "<group>"; };
		551472F22064A4A800E52882 /* UIView+Layout.m */ = {isa = PBXFileReference; fileEncoding = 4; lastKnownFileType = sourcecode.c.objc; path = "UIView+Layout.m"; sourceTree = "<group>"; };
		551472F42064A4F900E52882 /* PlayerTopView.h */ = {isa = PBXFileReference; lastKnownFileType = sourcecode.c.h; path = PlayerTopView.h; sourceTree = "<group>"; };
		551472F52064A4F900E52882 /* PlayerTopView.m */ = {isa = PBXFileReference; lastKnownFileType = sourcecode.c.objc; path = PlayerTopView.m; sourceTree = "<group>"; };
		551472F72064A80D00E52882 /* PlayerBottomView.h */ = {isa = PBXFileReference; lastKnownFileType = sourcecode.c.h; path = PlayerBottomView.h; sourceTree = "<group>"; };
		551472F82064A80D00E52882 /* PlayerBottomView.m */ = {isa = PBXFileReference; lastKnownFileType = sourcecode.c.objc; path = PlayerBottomView.m; sourceTree = "<group>"; };
		551472FA2064AFA100E52882 /* ProgressView.h */ = {isa = PBXFileReference; lastKnownFileType = sourcecode.c.h; path = ProgressView.h; sourceTree = "<group>"; };
		551472FB2064AFA100E52882 /* ProgressView.m */ = {isa = PBXFileReference; lastKnownFileType = sourcecode.c.objc; path = ProgressView.m; sourceTree = "<group>"; };
		551472FD2064DAA000E52882 /* Bridge.h */ = {isa = PBXFileReference; lastKnownFileType = sourcecode.c.h; path = Bridge.h; sourceTree = "<group>"; };
		551472FE2064DAA000E52882 /* Bridge.m */ = {isa = PBXFileReference; lastKnownFileType = sourcecode.c.objc; path = Bridge.m; sourceTree = "<group>"; };
		AED137642063D69300875F23 /* Video_Audio.app */ = {isa = PBXFileReference; explicitFileType = wrapper.application; includeInIndex = 0; path = Video_Audio.app; sourceTree = BUILT_PRODUCTS_DIR; };
		AED137672063D69300875F23 /* AppDelegate.h */ = {isa = PBXFileReference; lastKnownFileType = sourcecode.c.h; path = AppDelegate.h; sourceTree = "<group>"; };
		AED137682063D69300875F23 /* AppDelegate.m */ = {isa = PBXFileReference; lastKnownFileType = sourcecode.c.objc; path = AppDelegate.m; sourceTree = "<group>"; };
		AED1376A2063D69300875F23 /* ViewController.h */ = {isa = PBXFileReference; lastKnownFileType = sourcecode.c.h; path = ViewController.h; sourceTree = "<group>"; };
		AED1376B2063D69300875F23 /* ViewController.m */ = {isa = PBXFileReference; lastKnownFileType = sourcecode.c.objc; path = ViewController.m; sourceTree = "<group>"; };
		AED1376E2063D69300875F23 /* Base */ = {isa = PBXFileReference; lastKnownFileType = file.storyboard; name = Base; path = Base.lproj/Main.storyboard; sourceTree = "<group>"; };
		AED137702063D69300875F23 /* Assets.xcassets */ = {isa = PBXFileReference; lastKnownFileType = folder.assetcatalog; path = Assets.xcassets; sourceTree = "<group>"; };
		AED137732063D69300875F23 /* Base */ = {isa = PBXFileReference; lastKnownFileType = file.storyboard; name = Base; path = Base.lproj/LaunchScreen.storyboard; sourceTree = "<group>"; };
		AED137752063D69300875F23 /* Info.plist */ = {isa = PBXFileReference; lastKnownFileType = text.plist.xml; path = Info.plist; sourceTree = "<group>"; };
		AED137762063D69300875F23 /* main.m */ = {isa = PBXFileReference; lastKnownFileType = sourcecode.c.objc; path = main.m; sourceTree = "<group>"; };
		AED137802063DD3900875F23 /* 海贼王精彩剪辑.mp4 */ = {isa = PBXFileReference; lastKnownFileType = file; path = "海贼王精彩剪辑.mp4"; sourceTree = "<group>"; };
/* End PBXFileReference section */

/* Begin PBXFrameworksBuildPhase section */
		AED137612063D69300875F23 /* Frameworks */ = {
			isa = PBXFrameworksBuildPhase;
			buildActionMask = 2147483647;
			files = (
			);
			runOnlyForDeploymentPostprocessing = 0;
		};
/* End PBXFrameworksBuildPhase section */

/* Begin PBXGroup section */
		AED1375B2063D69300875F23 = {
			isa = PBXGroup;
			children = (
				AED137662063D69300875F23 /* Video_Audio */,
				AED137652063D69300875F23 /* Products */,
			);
			sourceTree = "<group>";
		};
		AED137652063D69300875F23 /* Products */ = {
			isa = PBXGroup;
			children = (
				AED137642063D69300875F23 /* Video_Audio.app */,
			);
			name = Products;
			sourceTree = "<group>";
		};
		AED137662063D69300875F23 /* Video_Audio */ = {
			isa = PBXGroup;
			children = (
				AED137802063DD3900875F23 /* 海贼王精彩剪辑.mp4 */,
				551472F12064A4A800E52882 /* UIView+Layout.h */,
				551472F22064A4A800E52882 /* UIView+Layout.m */,
				AED137672063D69300875F23 /* AppDelegate.h */,
				AED137682063D69300875F23 /* AppDelegate.m */,
				AED1376A2063D69300875F23 /* ViewController.h */,
				AED1376B2063D69300875F23 /* ViewController.m */,
				551472EE20649FE200E52882 /* PlayerView.h */,
				551472EF20649FE200E52882 /* PlayerView.m */,
				551472F42064A4F900E52882 /* PlayerTopView.h */,
				551472F52064A4F900E52882 /* PlayerTopView.m */,
				551472F72064A80D00E52882 /* PlayerBottomView.h */,
				551472F82064A80D00E52882 /* PlayerBottomView.m */,
				551472FA2064AFA100E52882 /* ProgressView.h */,
				551472FB2064AFA100E52882 /* ProgressView.m */,
				551472EA20648F6F00E52882 /* PlayerViewController.h */,
				551472EB20648F6F00E52882 /* PlayerViewController.m */,
				551472FD2064DAA000E52882 /* Bridge.h */,
				551472FE2064DAA000E52882 /* Bridge.m */,
				AED1376D2063D69300875F23 /* Main.storyboard */,
				AED137702063D69300875F23 /* Assets.xcassets */,
				AED137722063D69300875F23 /* LaunchScreen.storyboard */,
				AED137752063D69300875F23 /* Info.plist */,
				AED137762063D69300875F23 /* main.m */,
			);
			path = Video_Audio;
			sourceTree = "<group>";
		};
/* End PBXGroup section */

/* Begin PBXNativeTarget section */
		AED137632063D69300875F23 /* Video_Audio */ = {
			isa = PBXNativeTarget;
			buildConfigurationList = AED1377A2063D69300875F23 /* Build configuration list for PBXNativeTarget "Video_Audio" */;
			buildPhases = (
				AED137602063D69300875F23 /* Sources */,
				AED137612063D69300875F23 /* Frameworks */,
				AED137622063D69300875F23 /* Resources */,
			);
			buildRules = (
			);
			dependencies = (
			);
			name = Video_Audio;
			productName = Video_Audio;
			productReference = AED137642063D69300875F23 /* Video_Audio.app */;
			productType = "com.apple.product-type.application";
		};
/* End PBXNativeTarget section */

/* Begin PBXProject section */
		AED1375C2063D69300875F23 /* Project object */ = {
			isa = PBXProject;
			attributes = {
				LastUpgradeCheck = 0920;
				ORGANIZATIONNAME = "朱来飞";
				TargetAttributes = {
					AED137632063D69300875F23 = {
						CreatedOnToolsVersion = 9.2;
						ProvisioningStyle = Automatic;
					};
				};
			};
			buildConfigurationList = AED1375F2063D69300875F23 /* Build configuration list for PBXProject "Video_Audio" */;
			compatibilityVersion = "Xcode 8.0";
			developmentRegion = en;
			hasScannedForEncodings = 0;
			knownRegions = (
				en,
				Base,
			);
			mainGroup = AED1375B2063D69300875F23;
			productRefGroup = AED137652063D69300875F23 /* Products */;
			projectDirPath = "";
			projectRoot = "";
			targets = (
				AED137632063D69300875F23 /* Video_Audio */,
			);
		};
/* End PBXProject section */

/* Begin PBXResourcesBuildPhase section */
		AED137622063D69300875F23 /* Resources */ = {
			isa = PBXResourcesBuildPhase;
			buildActionMask = 2147483647;
			files = (
				AED137742063D69300875F23 /* LaunchScreen.storyboard in Resources */,
				AED137712063D69300875F23 /* Assets.xcassets in Resources */,
				AED137812063DD3900875F23 /* 海贼王精彩剪辑.mp4 in Resources */,
				AED1376F2063D69300875F23 /* Main.storyboard in Resources */,
			);
			runOnlyForDeploymentPostprocessing = 0;
		};
/* End PBXResourcesBuildPhase section */

/* Begin PBXSourcesBuildPhase section */
		AED137602063D69300875F23 /* Sources */ = {
			isa = PBXSourcesBuildPhase;
			buildActionMask = 2147483647;
			files = (
				551472F62064A4F900E52882 /* PlayerTopView.m in Sources */,
				AED1376C2063D69300875F23 /* ViewController.m in Sources */,
				551472FF2064DAA000E52882 /* Bridge.m in Sources */,
				551472FC2064AFA100E52882 /* ProgressView.m in Sources */,
				551472EC20648F6F00E52882 /* PlayerViewController.m in Sources */,
				551472F32064A4A800E52882 /* UIView+Layout.m in Sources */,
				AED137772063D69300875F23 /* main.m in Sources */,
				AED137692063D69300875F23 /* AppDelegate.m in Sources */,
				551472F020649FE200E52882 /* PlayerView.m in Sources */,
				551472F92064A80D00E52882 /* PlayerBottomView.m in Sources */,
			);
			runOnlyForDeploymentPostprocessing = 0;
		};
/* End PBXSourcesBuildPhase section */

/* Begin PBXVariantGroup section */
		AED1376D2063D69300875F23 /* Main.storyboard */ = {
			isa = PBXVariantGroup;
			children = (
				AED1376E2063D69300875F23 /* Base */,
			);
			name = Main.storyboard;
			sourceTree = "<group>";
		};
		AED137722063D69300875F23 /* LaunchScreen.storyboard */ = {
			isa = PBXVariantGroup;
			children = (
				AED137732063D69300875F23 /* Base */,
			);
			name = LaunchScreen.storyboard;
			sourceTree = "<group>";
		};
/* End PBXVariantGroup section */

/* Begin XCBuildConfiguration section */
		AED137782063D69300875F23 /* Debug */ = {
			isa = XCBuildConfiguration;
			buildSettings = {
				ALWAYS_SEARCH_USER_PATHS = NO;
				CLANG_ANALYZER_NONNULL = YES;
				CLANG_ANALYZER_NUMBER_OBJECT_CONVERSION = YES_AGGRESSIVE;
				CLANG_CXX_LANGUAGE_STANDARD = "gnu++14";
				CLANG_CXX_LIBRARY = "libc++";
				CLANG_ENABLE_MODULES = YES;
				CLANG_ENABLE_OBJC_ARC = YES;
				CLANG_WARN_BLOCK_CAPTURE_AUTORELEASING = YES;
				CLANG_WARN_BOOL_CONVERSION = YES;
				CLANG_WARN_COMMA = YES;
				CLANG_WARN_CONSTANT_CONVERSION = YES;
				CLANG_WARN_DIRECT_OBJC_ISA_USAGE = YES_ERROR;
				CLANG_WARN_DOCUMENTATION_COMMENTS = YES;
				CLANG_WARN_EMPTY_BODY = YES;
				CLANG_WARN_ENUM_CONVERSION = YES;
				CLANG_WARN_INFINITE_RECURSION = YES;
				CLANG_WARN_INT_CONVERSION = YES;
				CLANG_WARN_NON_LITERAL_NULL_CONVERSION = YES;
				CLANG_WARN_OBJC_LITERAL_CONVERSION = YES;
				CLANG_WARN_OBJC_ROOT_CLASS = YES_ERROR;
				CLANG_WARN_RANGE_LOOP_ANALYSIS = YES;
				CLANG_WARN_STRICT_PROTOTYPES = YES;
				CLANG_WARN_SUSPICIOUS_MOVE = YES;
				CLANG_WARN_UNGUARDED_AVAILABILITY = YES_AGGRESSIVE;
				CLANG_WARN_UNREACHABLE_CODE = YES;
				CLANG_WARN__DUPLICATE_METHOD_MATCH = YES;
				CODE_SIGN_IDENTITY = "iPhone Developer";
				COPY_PHASE_STRIP = NO;
				DEBUG_INFORMATION_FORMAT = dwarf;
				ENABLE_STRICT_OBJC_MSGSEND = YES;
				ENABLE_TESTABILITY = YES;
				GCC_C_LANGUAGE_STANDARD = gnu11;
				GCC_DYNAMIC_NO_PIC = NO;
				GCC_NO_COMMON_BLOCKS = YES;
				GCC_OPTIMIZATION_LEVEL = 0;
				GCC_PREPROCESSOR_DEFINITIONS = (
					"DEBUG=1",
					"$(inherited)",
				);
				GCC_WARN_64_TO_32_BIT_CONVERSION = YES;
				GCC_WARN_ABOUT_RETURN_TYPE = YES_ERROR;
				GCC_WARN_UNDECLARED_SELECTOR = YES;
				GCC_WARN_UNINITIALIZED_AUTOS = YES_AGGRESSIVE;
				GCC_WARN_UNUSED_FUNCTION = YES;
				GCC_WARN_UNUSED_VARIABLE = YES;
				IPHONEOS_DEPLOYMENT_TARGET = 11.2;
				MTL_ENABLE_DEBUG_INFO = YES;
				ONLY_ACTIVE_ARCH = YES;
				SDKROOT = iphoneos;
			};
			name = Debug;
		};
		AED137792063D69300875F23 /* Release */ = {
			isa = XCBuildConfiguration;
			buildSettings = {
				ALWAYS_SEARCH_USER_PATHS = NO;
				CLANG_ANALYZER_NONNULL = YES;
				CLANG_ANALYZER_NUMBER_OBJECT_CONVERSION = YES_AGGRESSIVE;
				CLANG_CXX_LANGUAGE_STANDARD = "gnu++14";
				CLANG_CXX_LIBRARY = "libc++";
				CLANG_ENABLE_MODULES = YES;
				CLANG_ENABLE_OBJC_ARC = YES;
				CLANG_WARN_BLOCK_CAPTURE_AUTORELEASING = YES;
				CLANG_WARN_BOOL_CONVERSION = YES;
				CLANG_WARN_COMMA = YES;
				CLANG_WARN_CONSTANT_CONVERSION = YES;
				CLANG_WARN_DIRECT_OBJC_ISA_USAGE = YES_ERROR;
				CLANG_WARN_DOCUMENTATION_COMMENTS = YES;
				CLANG_WARN_EMPTY_BODY = YES;
				CLANG_WARN_ENUM_CONVERSION = YES;
				CLANG_WARN_INFINITE_RECURSION = YES;
				CLANG_WARN_INT_CONVERSION = YES;
				CLANG_WARN_NON_LITERAL_NULL_CONVERSION = YES;
				CLANG_WARN_OBJC_LITERAL_CONVERSION = YES;
				CLANG_WARN_OBJC_ROOT_CLASS = YES_ERROR;
				CLANG_WARN_RANGE_LOOP_ANALYSIS = YES;
				CLANG_WARN_STRICT_PROTOTYPES = YES;
				CLANG_WARN_SUSPICIOUS_MOVE = YES;
				CLANG_WARN_UNGUARDED_AVAILABILITY = YES_AGGRESSIVE;
				CLANG_WARN_UNREACHABLE_CODE = YES;
				CLANG_WARN__DUPLICATE_METHOD_MATCH = YES;
				CODE_SIGN_IDENTITY = "iPhone Developer";
				COPY_PHASE_STRIP = NO;
				DEBUG_INFORMATION_FORMAT = "dwarf-with-dsym";
				ENABLE_NS_ASSERTIONS = NO;
				ENABLE_STRICT_OBJC_MSGSEND = YES;
				GCC_C_LANGUAGE_STANDARD = gnu11;
				GCC_NO_COMMON_BLOCKS = YES;
				GCC_WARN_64_TO_32_BIT_CONVERSION = YES;
				GCC_WARN_ABOUT_RETURN_TYPE = YES_ERROR;
				GCC_WARN_UNDECLARED_SELECTOR = YES;
				GCC_WARN_UNINITIALIZED_AUTOS = YES_AGGRESSIVE;
				GCC_WARN_UNUSED_FUNCTION = YES;
				GCC_WARN_UNUSED_VARIABLE = YES;
				IPHONEOS_DEPLOYMENT_TARGET = 11.2;
				MTL_ENABLE_DEBUG_INFO = NO;
				SDKROOT = iphoneos;
				VALIDATE_PRODUCT = YES;
			};
			name = Release;
		};
		AED1377B2063D69300875F23 /* Debug */ = {
			isa = XCBuildConfiguration;
			buildSettings = {
				ASSETCATALOG_COMPILER_APPICON_NAME = AppIcon;
				CODE_SIGN_STYLE = Automatic;
				INFOPLIST_FILE = Video_Audio/Info.plist;
				LD_RUNPATH_SEARCH_PATHS = "$(inherited) @executable_path/Frameworks";
				PRODUCT_BUNDLE_IDENTIFIER = "Video-Audio.Video-Audio";
				PRODUCT_NAME = "$(TARGET_NAME)";
				TARGETED_DEVICE_FAMILY = "1,2";
			};
			name = Debug;
		};
		AED1377C2063D69300875F23 /* Release */ = {
			isa = XCBuildConfiguration;
			buildSettings = {
				ASSETCATALOG_COMPILER_APPICON_NAME = AppIcon;
				CODE_SIGN_STYLE = Automatic;
				INFOPLIST_FILE = Video_Audio/Info.plist;
				LD_RUNPATH_SEARCH_PATHS = "$(inherited) @executable_path/Frameworks";
				PRODUCT_BUNDLE_IDENTIFIER = "Video-Audio.Video-Audio";
				PRODUCT_NAME = "$(TARGET_NAME)";
				TARGETED_DEVICE_FAMILY = "1,2";
			};
			name = Release;
		};
/* End XCBuildConfiguration section */

/* Begin XCConfigurationList section */
		AED1375F2063D69300875F23 /* Build configuration list for PBXProject "Video_Audio" */ = {
			isa = XCConfigurationList;
			buildConfigurations = (
				AED137782063D69300875F23 /* Debug */,
				AED137792063D69300875F23 /* Release */,
			);
			defaultConfigurationIsVisible = 0;
			defaultConfigurationName = Release;
		};
		AED1377A2063D69300875F23 /* Build configuration list for PBXNativeTarget "Video_Audio" */ = {
			isa = XCConfigurationList;
			buildConfigurations = (
				AED1377B2063D69300875F23 /* Debug */,
				AED1377C2063D69300875F23 /* Release */,
			);
			defaultConfigurationIsVisible = 0;
			defaultConfigurationName = Release;
		};
/* End XCConfigurationList section */
	};
	rootObject = AED1375C2063D69300875F23 /* Project object */;
}
